{
  "name": "generate",
  "version": "1.0.0",
  "lockfileVersion": 1,
  "requires": true,
  "dependencies": {
    "baseconvert": {
      "version": "1.0.0",
      "resolved": "https://registry.npmjs.org/baseconvert/-/baseconvert-1.0.0.tgz",
      "integrity": "sha1-yJJ3IE/CyZRaMhEsCA9GxM3tKUI="
    }
  }
}
